Microsoft Visual Studio Solution File, Format Version 12.00
# Visual Studio Version 17
VisualStudioVersion = 17.5.2.0
MinimumVisualStudioVersion = 10.0.40219.1
Project("{FAE04EC0-301F-11D3-BF4B-00C04F79EFBC}") = "Flux", "Flux.csproj", "{703CC283-74D7-29BD-6C19-8823569B0FE8}"
EndProject
Project("{2150E333-8FDC-42A3-9474-1A3956D46DE8}") = "tests", "tests", "{0AB3BF05-4346-4AA6-1389-037BE0695223}"
EndProject
Project("{2150E333-8FDC-42A3-9474-1A3956D46DE8}") = "tools", "tools", "{07C2787E-EAC7-C090-1BA3-A61EC2A24D84}"
EndProject
Project("{FAE04EC0-301F-11D3-BF4B-00C04F79EFBC}") = "Flux.Runner", "tests\Flux.Runner\Flux.Runner.csproj", "{A2A99EBA-035F-AB65-FB5F-888699FB1485}"
EndProject
Project("{FAE04EC0-301F-11D3-BF4B-00C04F79EFBC}") = "Flux.Tests", "tests\Flux.Tests.disabled\Flux.Tests.csproj", "{1A7093C8-E552-0348-B86F-78F1099B2275}"
EndProject
Project("{FAE04EC0-301F-11D3-BF4B-00C04F79EFBC}") = "genframeimg", "tools\genframeimg\genframeimg.csproj", "{7D2300DC-1E2F-603C-78F1-712C4296AF92}"
EndProject
Global
	GlobalSection(SolutionConfigurationPlatforms) = preSolution
		Debug|Any CPU = Debug|Any CPU
		Release|Any CPU = Release|Any CPU
	EndGlobalSection
	GlobalSection(ProjectConfigurationPlatforms) = postSolution
		{703CC283-74D7-29BD-6C19-8823569B0FE8}.Debug|Any CPU.ActiveCfg = Debug|Any CPU
		{703CC283-74D7-29BD-6C19-8823569B0FE8}.Debug|Any CPU.Build.0 = Debug|Any CPU
		{703CC283-74D7-29BD-6C19-8823569B0FE8}.Release|Any CPU.ActiveCfg = Release|Any CPU
		{703CC283-74D7-29BD-6C19-8823569B0FE8}.Release|Any CPU.Build.0 = Release|Any CPU
		{A2A99EBA-035F-AB65-FB5F-888699FB1485}.Debug|Any CPU.ActiveCfg = Debug|Any CPU
		{A2A99EBA-035F-AB65-FB5F-888699FB1485}.Debug|Any CPU.Build.0 = Debug|Any CPU
		{A2A99EBA-035F-AB65-FB5F-888699FB1485}.Release|Any CPU.ActiveCfg = Release|Any CPU
		{A2A99EBA-035F-AB65-FB5F-888699FB1485}.Release|Any CPU.Build.0 = Release|Any CPU
		{1A7093C8-E552-0348-B86F-78F1099B2275}.Debug|Any CPU.ActiveCfg = Debug|Any CPU
		{1A7093C8-E552-0348-B86F-78F1099B2275}.Debug|Any CPU.Build.0 = Debug|Any CPU
		{1A7093C8-E552-0348-B86F-78F1099B2275}.Release|Any CPU.ActiveCfg = Release|Any CPU
		{1A7093C8-E552-0348-B86F-78F1099B2275}.Release|Any CPU.Build.0 = Release|Any CPU
		{7D2300DC-1E2F-603C-78F1-712C4296AF92}.Debug|Any CPU.ActiveCfg = Debug|Any CPU
		{7D2300DC-1E2F-603C-78F1-712C4296AF92}.Debug|Any CPU.Build.0 = Debug|Any CPU
		{7D2300DC-1E2F-603C-78F1-712C4296AF92}.Release|Any CPU.ActiveCfg = Release|Any CPU
		{7D2300DC-1E2F-603C-78F1-712C4296AF92}.Release|Any CPU.Build.0 = Release|Any CPU
	EndGlobalSection
	GlobalSection(SolutionProperties) = preSolution
		HideSolutionNode = FALSE
	EndGlobalSection
	GlobalSection(NestedProjects) = preSolution
		{A2A99EBA-035F-AB65-FB5F-888699FB1485} = {0AB3BF05-4346-4AA6-1389-037BE0695223}
		{1A7093C8-E552-0348-B86F-78F1099B2275} = {0AB3BF05-4346-4AA6-1389-037BE0695223}
		{7D2300DC-1E2F-603C-78F1-712C4296AF92} = {07C2787E-EAC7-C090-1BA3-A61EC2A24D84}
	EndGlobalSection
	GlobalSection(ExtensibilityGlobals) = postSolution
		SolutionGuid = {82D48403-ED89-4E68-B6F7-C76DD1165BD7}
	EndGlobalSection
EndGlobal
